{
  "version": 4,
  "terraform_version": "1.7.5",
  "serial": 12,
  "lineage": "554efa13-eb3d-b22d-79c3-18ee573d8d8b",
  "outputs": {
    "sample_server_dns": {
      "value": "ec2-63-35-169-239.eu-west-1.compute.amazonaws.com",
      "type": "string"
    }
  },
  "resources": [
    {
      "mode": "managed",
      "type": "aws_instance",
      "name": "this",
      "provider": "provider[\"registry.terraform.io/hashicorp/aws\"]",
      "instances": [
        {
          "schema_version": 1,
          "attributes": {
            "ami": "ami-0c1c30571d2dae5c9",
            "arn": "arn:aws:ec2:eu-west-1:058264079048:instance/i-0eb6b6905c7a99ecc",
            "associate_public_ip_address": true,
            "availability_zone": "eu-west-1c",
            "capacity_reservation_specification": [
              {
                "capacity_reservation_preference": "open",
                "capacity_reservation_target": []
              }
            ],
            "cpu_core_count": 1,
            "cpu_options": [
              {
                "amd_sev_snp": "",
                "core_count": 1,
                "threads_per_core": 1
              }
            ],
            "cpu_threads_per_core": 1,
            "credit_specification": [
              {
                "cpu_credits": "standard"
              }
            ],
            "disable_api_stop": false,
            "disable_api_termination": false,
            "ebs_block_device": [],
            "ebs_optimized": false,
            "enclave_options": [
              {
                "enabled": false
              }
            ],
            "ephemeral_block_device": [],
            "get_password_data": false,
            "hibernation": false,
            "host_id": "",
            "host_resource_group_arn": null,
            "iam_instance_profile": "",
            "id": "i-0eb6b6905c7a99ecc",
            "instance_initiated_shutdown_behavior": "stop",
            "instance_lifecycle": "",
            "instance_market_options": [],
            "instance_state": "running",
            "instance_type": "t2.micro",
            "ipv6_address_count": 0,
            "ipv6_addresses": [],
            "key_name": "sample-key",
            "launch_template": [],
            "maintenance_options": [
              {
                "auto_recovery": "default"
              }
            ],
            "metadata_options": [
              {
                "http_endpoint": "enabled",
                "http_protocol_ipv6": "disabled",
                "http_put_response_hop_limit": 1,
                "http_tokens": "optional",
                "instance_metadata_tags": "disabled"
              }
            ],
            "monitoring": false,
            "network_interface": [],
            "outpost_arn": "",
            "password_data": "",
            "placement_group": "",
            "placement_partition_number": 0,
            "primary_network_interface_id": "eni-0dc39ec79229bdd62",
            "private_dns": "ip-172-31-20-212.eu-west-1.compute.internal",
            "private_dns_name_options": [
              {
                "enable_resource_name_dns_a_record": false,
                "enable_resource_name_dns_aaaa_record": false,
                "hostname_type": "ip-name"
              }
            ],
            "private_ip": "172.31.20.212",
            "public_dns": "ec2-63-35-169-239.eu-west-1.compute.amazonaws.com",
            "public_ip": "63.35.169.239",
            "root_block_device": [
              {
                "delete_on_termination": true,
                "device_name": "/dev/sda1",
                "encrypted": false,
                "iops": 100,
                "kms_key_id": "",
                "tags": {},
                "tags_all": {},
                "throughput": 0,
                "volume_id": "vol-0ea702e422b5bc4e1",
                "volume_size": 8,
                "volume_type": "gp2"
              }
            ],
            "secondary_private_ips": [],
            "security_groups": [
              "ssh-https"
            ],
            "source_dest_check": true,
            "spot_instance_request_id": "",
            "subnet_id": "subnet-0d584ff6b8314209d",
            "tags": null,
            "tags_all": {},
            "tenancy": "default",
            "timeouts": null,
            "user_data": null,
            "user_data_base64": null,
            "user_data_replace_on_change": false,
            "volume_tags": null,
            "vpc_security_group_ids": [
              "sg-08ce998cffffe152d"
            ]
          },
          "sensitive_attributes": [],
          "private": "eyJlMmJmYjczMC1lY2FhLTExZTYtOGY4OC0zNDM2M2JjN2M0YzAiOnsiY3JlYXRlIjo2MDAwMDAwMDAwMDAsImRlbGV0ZSI6MTIwMDAwMDAwMDAwMCwicmVhZCI6OTAwMDAwMDAwMDAwLCJ1cGRhdGUiOjYwMDAwMDAwMDAwMH0sInNjaGVtYV92ZXJzaW9uIjoiMSJ9",
          "dependencies": [
            "aws_key_pair.sample_key",
            "aws_security_group.this"
          ]
        }
      ]
    },
    {
      "mode": "managed",
      "type": "aws_key_pair",
      "name": "sample_key",
      "provider": "provider[\"registry.terraform.io/hashicorp/aws\"]",
      "instances": [
        {
          "schema_version": 1,
          "attributes": {
            "arn": "arn:aws:ec2:eu-west-1:058264079048:key-pair/sample-key",
            "fingerprint": "38:00:7b:8a:ea:32:90:66:70:00:48:39:ce:b2:3a:2a",
            "id": "sample-key",
            "key_name": "sample-key",
            "key_name_prefix": "",
            "key_pair_id": "key-0038da888f0f4e59d",
            "key_type": "rsa",
            "public_key": "ssh-rsa AAAAB3NzaC1yc2EAAAADAQABAAACAQC0ZknR7ZSExO5ZWCJRFVIE9AOO9kxyHFnB6OhjrIWCdG4zEogF9bnDhwyS7Q2UkGKP7tnCgrJgWhYQ/trPkgCT/onn/uiNQLwc8CP9RaHcs7JP5jnO7cV8q3Pd3YK5uvR6N4ins5cVhWIrzxoRnATHIE1GuvalYP7h0295GEalDaV5Fdw+PO1PB/QyOor4UDnyEvgRd/9EbORO+0WiR6Q7L/p+wpT42XeYnqA2ewhFPPlzGJd9nqUbNP+ehkvqoVdnAUIXLqWRXHfPEugLGhc4Cc0B4Kg/kyD59fCblBlAkUB/3kTYyc3mAPXrxqO6ju6dG4WeN4J9R7U3gnVpEx6I7xUB/+u/fGSQTHEO2SxAzJqfMgKQevCOquflAt0lIV0VGQewJpBx0KZU8A4+9C+iBvlruzxlAVr/In/MSTXQFf1TI49gSf5oODVEuWvouad3Aw6HjlaV39RIrDtb9Uk5JUTOs6VUWpgz51gyvXF0m0+lhJcd7AAf5R8mpZuSoiylehsOueLxOweIddm0Znq6pVG1o9bA7/Q3JK/8CUrtqyo3YxPaTqOvnfuOKJTw6HYJ9sgy+TIglXK2WYvfk+WTrGFbyr4SRa3qiKSIKcv+7a/qngxbV3aF7HUQDmBUKLRvtIetPw4r7mr/AYV0eS7Y++tnU1NfXPQ1ZFKRYW8QIw== ubuntu@sample-server",
            "tags": {
              "Name": "sample_public_key"
            },
            "tags_all": {
              "Name": "sample_public_key"
            }
          },
          "sensitive_attributes": [],
          "private": "eyJzY2hlbWFfdmVyc2lvbiI6IjEifQ=="
        }
      ]
    },
    {
      "mode": "managed",
      "type": "aws_security_group",
      "name": "this",
      "provider": "provider[\"registry.terraform.io/hashicorp/aws\"]",
      "instances": [
        {
          "schema_version": 1,
          "attributes": {
            "arn": "arn:aws:ec2:eu-west-1:058264079048:security-group/sg-08ce998cffffe152d",
            "description": "ssh and https",
            "egress": [
              {
                "cidr_blocks": [
                  "0.0.0.0/0"
                ],
                "description": "",
                "from_port": 0,
                "ipv6_cidr_blocks": [],
                "prefix_list_ids": [],
                "protocol": "-1",
                "security_groups": [],
                "self": false,
                "to_port": 0
              }
            ],
            "id": "sg-08ce998cffffe152d",
            "ingress": [
              {
                "cidr_blocks": [
                  "0.0.0.0/0"
                ],
                "description": "",
                "from_port": 22,
                "ipv6_cidr_blocks": [],
                "prefix_list_ids": [],
                "protocol": "tcp",
                "security_groups": [],
                "self": false,
                "to_port": 22
              },
              {
                "cidr_blocks": [
                  "0.0.0.0/0"
                ],
                "description": "",
                "from_port": 443,
                "ipv6_cidr_blocks": [],
                "prefix_list_ids": [],
                "protocol": "tcp",
                "security_groups": [],
                "self": false,
                "to_port": 443
              }
            ],
            "name": "ssh-https",
            "name_prefix": "",
            "owner_id": "058264079048",
            "revoke_rules_on_delete": false,
            "tags": null,
            "tags_all": {},
            "timeouts": null,
            "vpc_id": "vpc-01c0cd4d7700ba67f"
          },
          "sensitive_attributes": [],
          "private": "eyJlMmJmYjczMC1lY2FhLTExZTYtOGY4OC0zNDM2M2JjN2M0YzAiOnsiY3JlYXRlIjo2MDAwMDAwMDAwMDAsImRlbGV0ZSI6OTAwMDAwMDAwMDAwfSwic2NoZW1hX3ZlcnNpb24iOiIxIn0="
        }
      ]
    }
  ],
  "check_results": null
}
